
Microsoft Visual Studio Solution File, Format Version 12.00
# Visual Studio Version 16
VisualStudioVersion = 16.0.35229.62
MinimumVisualStudioVersion = 10.0.40219.1
Project("{8BC9CEB8-8B4A-11D0-8D11-00A0C91BC942}") = "OOP_VJ5_SZ", "OOP_VJ5_SZ.vcxproj", "{52595BD6-1851-4B5F-8EB9-B580FAF62B65}"
EndProject
Global
	GlobalSection(SolutionConfigurationPlatforms) = preSolution
		Debug|x64 = Debug|x64
		Debug|x86 = Debug|x86
		Release|x64 = Release|x64
		Release|x86 = Release|x86
	EndGlobalSection
	GlobalSection(ProjectConfigurationPlatforms) = postSolution
		{52595BD6-1851-4B5F-8EB9-B580FAF62B65}.Debug|x64.ActiveCfg = Debug|x64
		{52595BD6-1851-4B5F-8EB9-B580FAF62B65}.Debug|x64.Build.0 = Debug|x64
		{52595BD6-1851-4B5F-8EB9-B580FAF62B65}.Debug|x86.ActiveCfg = Debug|Win32
		{52595BD6-1851-4B5F-8EB9-B580FAF62B65}.Debug|x86.Build.0 = Debug|Win32
		{52595BD6-1851-4B5F-8EB9-B580FAF62B65}.Release|x64.ActiveCfg = Release|x64
		{52595BD6-1851-4B5F-8EB9-B580FAF62B65}.Release|x64.Build.0 = Release|x64
		{52595BD6-1851-4B5F-8EB9-B580FAF62B65}.Release|x86.ActiveCfg = Release|Win32
		{52595BD6-1851-4B5F-8EB9-B580FAF62B65}.Release|x86.Build.0 = Release|Win32
	EndGlobalSection
	GlobalSection(SolutionProperties) = preSolution
		HideSolutionNode = FALSE
	EndGlobalSection
	GlobalSection(ExtensibilityGlobals) = postSolution
		SolutionGuid = {0FC7CF9F-B185-41CC-9F48-C056C59CCB36}
	EndGlobalSection
EndGlobal
